
Microsoft Visual Studio Solution File, Format Version 12.00
# Visual Studio Version 17
VisualStudioVersion = 17.6.33723.286
MinimumVisualStudioVersion = 10.0.40219.1
Project("{FAE04EC0-301F-11D3-BF4B-00C04F79EFBC}") = "WebApplication1", "WebApplication1\WebApplication1.csproj", "{A7E4BE4C-441A-4F29-A5B1-AFB76647042D}"
EndProject
Project("{FAE04EC0-301F-11D3-BF4B-00C04F79EFBC}") = "ClassLibrary2", "ClassLibrary2\ClassLibrary2.csproj", "{4D53AB42-CD60-4B9B-AFBF-BA05A2800DEB}"
EndProject
Global
	GlobalSection(SolutionConfigurationPlatforms) = preSolution
		Debug|Any CPU = Debug|Any CPU
		Release|Any CPU = Release|Any CPU
	EndGlobalSection
	GlobalSection(ProjectConfigurationPlatforms) = postSolution
		{A7E4BE4C-441A-4F29-A5B1-AFB76647042D}.Debug|Any CPU.ActiveCfg = Debug|Any CPU
		{A7E4BE4C-441A-4F29-A5B1-AFB76647042D}.Debug|Any CPU.Build.0 = Debug|Any CPU
		{A7E4BE4C-441A-4F29-A5B1-AFB76647042D}.Release|Any CPU.ActiveCfg = Release|Any CPU
		{A7E4BE4C-441A-4F29-A5B1-AFB76647042D}.Release|Any CPU.Build.0 = Release|Any CPU
		{4D53AB42-CD60-4B9B-AFBF-BA05A2800DEB}.Debug|Any CPU.ActiveCfg = Debug|Any CPU
		{4D53AB42-CD60-4B9B-AFBF-BA05A2800DEB}.Debug|Any CPU.Build.0 = Debug|Any CPU
		{4D53AB42-CD60-4B9B-AFBF-BA05A2800DEB}.Release|Any CPU.ActiveCfg = Release|Any CPU
		{4D53AB42-CD60-4B9B-AFBF-BA05A2800DEB}.Release|Any CPU.Build.0 = Release|Any CPU
	EndGlobalSection
	GlobalSection(SolutionProperties) = preSolution
		HideSolutionNode = FALSE
	EndGlobalSection
	GlobalSection(ExtensibilityGlobals) = postSolution
		SolutionGuid = {FB6AC9D2-3EBE-4B43-94FC-C3609C2FD9E1}
	EndGlobalSection
EndGlobal
